<?xml version="1.0" encoding="utf-8"?>
<Project ToolsVersion="4.0" xmlns="http://schemas.microsoft.com/developer/msbuild/2003">
  <ItemGroup>
    <Filter Include="源文件">
      <UniqueIdentifier>{4FC737F1-C7A5-4376-A066-2A32D752A2FF}</UniqueIdentifier>
      <Extensions>cpp;c;cc;cxx;def;odl;idl;hpj;bat;asm;asmx</Extensions>
    </Filter>
    <Filter Include="头文件">
      <UniqueIdentifier>{93995380-89BD-4b04-88EB-625FBE52EBFB}</UniqueIdentifier>
      <Extensions>h;hh;hpp;hxx;hm;inl;inc;xsd</Extensions>
    </Filter>
    <Filter Include="资源文件">
      <UniqueIdentifier>{67DA6AB6-F800-4c08-8B7A-83BB121AAD01}</UniqueIdentifier>
      <Extensions>rc;ico;cur;bmp;dlg;rc2;rct;bin;rgs;gif;jpg;jpeg;jpe;resx;tiff;tif;png;wav;mfcribbon-ms</Extensions>
    </Filter>
    <Filter Include="源文件\Day32">
      <UniqueIdentifier>{488b3efe-c72a-4718-a6e2-d5dd3a375eff}</UniqueIdentifier>
    </Filter>
    <Filter Include="源文件\Day33">
      <UniqueIdentifier>{ad3cb681-00e0-4d98-8e2a-bfa1b338f20e}</UniqueIdentifier>
    </Filter>
    <Filter Include="源文件\Day1">
      <UniqueIdentifier>{6f454312-7efb-4083-b0eb-6fc524c1e8ac}</UniqueIdentifier>
    </Filter>
    <Filter Include="源文件\Day2">
      <UniqueIdentifier>{2048dd60-99f3-4762-a9f5-dfdf34116190}</UniqueIdentifier>
    </Filter>
    <Filter Include="源文件\Day7">
      <UniqueIdentifier>{b9f74185-3dd3-4647-91f5-f4c8ac9d341b}</UniqueIdentifier>
    </Filter>
    <Filter Include="源文件\Day8">
      <UniqueIdentifier>{5e210243-32bf-40fb-8383-0ac249e93b15}</UniqueIdentifier>
    </Filter>
    <Filter Include="源文件\Day9">
      <UniqueIdentifier>{6d03f295-9de6-4ac2-be3c-680eda98f83f}</UniqueIdentifier>
    </Filter>
    <Filter Include="源文件\Day10">
      <UniqueIdentifier>{ee49ff1f-77d4-40b3-931b-ae56e639f8db}</UniqueIdentifier>
    </Filter>
    <Filter Include="源文件\Day12">
      <UniqueIdentifier>{bea8c890-1090-4ec5-bcd7-1d881148cf44}</UniqueIdentifier>
    </Filter>
    <Filter Include="源文件\Day13">
      <UniqueIdentifier>{1bc576fd-8513-4491-b8bd-95b83fbc6e15}</UniqueIdentifier>
    </Filter>
    <Filter Include="源文件\effectiveC">
      <UniqueIdentifier>{55be2138-ecfe-454d-99df-de0aea843410}</UniqueIdentifier>
    </Filter>
    <Filter Include="源文件\Day14">
      <UniqueIdentifier>{ef2b8539-9e1d-4146-bf20-1640c1bb7a30}</UniqueIdentifier>
    </Filter>
    <Filter Include="源文件\Day15">
      <UniqueIdentifier>{3a3faecc-669b-4627-a36c-a6fea75b383e}</UniqueIdentifier>
    </Filter>
    <Filter Include="源文件\Day17">
      <UniqueIdentifier>{5f3b07ef-36a2-4216-8e6c-fc4ed0c341a1}</UniqueIdentifier>
    </Filter>
    <Filter Include="源文件\Day18">
      <UniqueIdentifier>{cc4496d9-37da-4a2f-9ab8-b3e886af0cdb}</UniqueIdentifier>
    </Filter>
  </ItemGroup>
  <ItemGroup>
    <ClCompile Include="day32.cpp">
      <Filter>源文件\Day32</Filter>
    </ClCompile>
    <ClCompile Include="day33.cpp">
      <Filter>源文件\Day33</Filter>
    </ClCompile>
    <ClCompile Include="day1.cpp">
      <Filter>源文件\Day1</Filter>
    </ClCompile>
    <ClCompile Include="Employee.cppm">
      <Filter>源文件\Day1</Filter>
    </ClCompile>
    <ClCompile Include="Employee.cpp">
      <Filter>源文件\Day1</Filter>
    </ClCompile>
    <ClCompile Include="database.cppm">
      <Filter>源文件\Day1</Filter>
    </ClCompile>
    <ClCompile Include="Database.cpp">
      <Filter>源文件\Day1</Filter>
    </ClCompile>
    <ClCompile Include="day2.cpp">
      <Filter>源文件\Day2</Filter>
    </ClCompile>
    <ClCompile Include="day8.cpp">
      <Filter>源文件\Day8</Filter>
    </ClCompile>
    <ClCompile Include="day9.cpp">
      <Filter>源文件\Day9</Filter>
    </ClCompile>
    <ClCompile Include="Spreadsheet.cppm">
      <Filter>源文件\Day9</Filter>
    </ClCompile>
    <ClCompile Include="SpreadsheetCell.cppm">
      <Filter>源文件\Day9</Filter>
    </ClCompile>
    <ClCompile Include="Spreadsheetcell.cpp">
      <Filter>源文件\Day9</Filter>
    </ClCompile>
    <ClCompile Include="Spreadsheet.cpp">
      <Filter>源文件\Day9</Filter>
    </ClCompile>
    <ClCompile Include="day10.cpp">
      <Filter>源文件\Day10</Filter>
    </ClCompile>
    <ClCompile Include="Grid.cppm">
      <Filter>源文件\Day12</Filter>
    </ClCompile>
    <ClCompile Include="Grid.cpp">
      <Filter>源文件\Day12</Filter>
    </ClCompile>
    <ClCompile Include="day12.cpp">
      <Filter>源文件\Day12</Filter>
    </ClCompile>
    <ClCompile Include="day13.cpp">
      <Filter>源文件\Day13</Filter>
    </ClCompile>
    <ClCompile Include="item31.cpp">
      <Filter>源文件\effectiveC</Filter>
    </ClCompile>
    <ClCompile Include="day14.cpp">
      <Filter>源文件\Day14</Filter>
    </ClCompile>
    <ClCompile Include="day15.cpp">
      <Filter>源文件\Day15</Filter>
    </ClCompile>
    <ClCompile Include="MyArrayDefinition.cppm">
      <Filter>源文件\Day15</Filter>
    </ClCompile>
    <ClCompile Include="MyArraylementation.cppm">
      <Filter>源文件\Day15</Filter>
    </ClCompile>
    <ClCompile Include="MyArrayTest.cppm">
      <Filter>源文件\Day15</Filter>
    </ClCompile>
    <ClCompile Include="day17.cpp">
      <Filter>源文件\Day17</Filter>
    </ClCompile>
    <ClCompile Include="day18.cpp">
      <Filter>源文件\Day18</Filter>
    </ClCompile>
    <ClCompile Include="round_robin.cppm">
      <Filter>源文件\Day18</Filter>
    </ClCompile>
    <ClCompile Include="packetbuffer.cppm">
      <Filter>源文件\Day18</Filter>
    </ClCompile>
    <ClCompile Include="BankAccount.cppm">
      <Filter>源文件\Day18</Filter>
    </ClCompile>
    <ClCompile Include="BankDB.cpp">
      <Filter>源文件\Day18</Filter>
    </ClCompile>
    <ClCompile Include="BuddyList.cppm">
      <Filter>源文件\Day18</Filter>
    </ClCompile>
    <ClCompile Include="BuddyList.cpp">
      <Filter>源文件\Day18</Filter>
    </ClCompile>
    <ClCompile Include="AccessList.cppm">
      <Filter>源文件\Day18</Filter>
    </ClCompile>
    <ClCompile Include="CableCompany.cppm">
      <Filter>源文件\Day18</Filter>
    </ClCompile>
    <ClCompile Include="CableCompany.cpp">
      <Filter>源文件\Day18</Filter>
    </ClCompile>
  </ItemGroup>
</Project>