<?xml version="1.0" encoding="utf-8"?>
<Project ToolsVersion="4.0" xmlns="http://schemas.microsoft.com/developer/msbuild/2003">
  <ItemGroup>
    <Filter Include="源文件">
      <UniqueIdentifier>{4FC737F1-C7A5-4376-A066-2A32D752A2FF}</UniqueIdentifier>
      <Extensions>cpp;c;cc;cxx;def;odl;idl;hpj;bat;asm;asmx</Extensions>
    </Filter>
    <Filter Include="头文件">
      <UniqueIdentifier>{93995380-89BD-4b04-88EB-625FBE52EBFB}</UniqueIdentifier>
      <Extensions>h;hh;hpp;hxx;hm;inl;inc;xsd</Extensions>
    </Filter>
    <Filter Include="资源文件">
      <UniqueIdentifier>{67DA6AB6-F800-4c08-8B7A-83BB121AAD01}</UniqueIdentifier>
      <Extensions>rc;ico;cur;bmp;dlg;rc2;rct;bin;rgs;gif;jpg;jpeg;jpe;resx;tiff;tif;png;wav;mfcribbon-ms</Extensions>
    </Filter>
    <Filter Include="源文件\Day32">
      <UniqueIdentifier>{488b3efe-c72a-4718-a6e2-d5dd3a375eff}</UniqueIdentifier>
    </Filter>
    <Filter Include="源文件\Day33">
      <UniqueIdentifier>{ad3cb681-00e0-4d98-8e2a-bfa1b338f20e}</UniqueIdentifier>
    </Filter>
    <Filter Include="源文件\Day1">
      <UniqueIdentifier>{6f454312-7efb-4083-b0eb-6fc524c1e8ac}</UniqueIdentifier>
    </Filter>
    <Filter Include="源文件\Day2">
      <UniqueIdentifier>{2048dd60-99f3-4762-a9f5-dfdf34116190}</UniqueIdentifier>
    </Filter>
    <Filter Include="源文件\Day7">
      <UniqueIdentifier>{b9f74185-3dd3-4647-91f5-f4c8ac9d341b}</UniqueIdentifier>
    </Filter>
    <Filter Include="源文件\Day8">
      <UniqueIdentifier>{5e210243-32bf-40fb-8383-0ac249e93b15}</UniqueIdentifier>
    </Filter>
    <Filter Include="源文件\Day9">
      <UniqueIdentifier>{6d03f295-9de6-4ac2-be3c-680eda98f83f}</UniqueIdentifier>
    </Filter>
  </ItemGroup>
  <ItemGroup>
    <ClCompile Include="day32.cpp">
      <Filter>源文件\Day32</Filter>
    </ClCompile>
    <ClCompile Include="day33.cpp">
      <Filter>源文件\Day33</Filter>
    </ClCompile>
    <ClCompile Include="day1.cpp">
      <Filter>源文件\Day1</Filter>
    </ClCompile>
    <ClCompile Include="Employee.cppm">
      <Filter>源文件\Day1</Filter>
    </ClCompile>
    <ClCompile Include="Employee.cpp">
      <Filter>源文件\Day1</Filter>
    </ClCompile>
    <ClCompile Include="database.cppm">
      <Filter>源文件\Day1</Filter>
    </ClCompile>
    <ClCompile Include="Database.cpp">
      <Filter>源文件\Day1</Filter>
    </ClCompile>
    <ClCompile Include="day2.cpp">
      <Filter>源文件\Day2</Filter>
    </ClCompile>
    <ClCompile Include="day8.cpp">
      <Filter>源文件\Day8</Filter>
    </ClCompile>
    <ClCompile Include="day9.cpp">
      <Filter>源文件\Day9</Filter>
    </ClCompile>
    <ClCompile Include="Spreadsheet.cppm">
      <Filter>源文件\Day9</Filter>
    </ClCompile>
    <ClCompile Include="SpreadsheetCell.cppm">
      <Filter>源文件\Day9</Filter>
    </ClCompile>
    <ClCompile Include="Spreadsheetcell.cpp">
      <Filter>源文件\Day9</Filter>
    </ClCompile>
    <ClCompile Include="Spreadsheet.cpp">
      <Filter>源文件\Day9</Filter>
    </ClCompile>
  </ItemGroup>
</Project>